{
  "name": "mcp-agents",
  "version": "1.0.0",
  "lockfileVersion": 2,
  "requires": true,
  "packages": {
    "": {
      "name": "mcp-agents",
      "version": "1.0.0",
      "dependencies": {
        "slack-mcp-server": "latest"
      }
    },
    "node_modules/slack-mcp-server": {
      "version": "1.3.0",
      "resolved": "https://registry.npmjs.org/slack-mcp-server/-/slack-mcp-server-1.3.0.tgz",
      "integrity": "sha512-YoRGvadhHkN4jwr1uYAxcNidmRPuzDXDM7j8dmnuvclF8zeqzBHefm1IiZE/xGr23Ka0ljNysdDTDUC7PWj21Q==",
      "bin": {
        "slack-mcp-server": "bin/index.js"
      },
      "optionalDependencies": {
        "slack-mcp-server-darwin-amd64": "1.3.0",
        "slack-mcp-server-darwin-arm64": "1.3.0",
        "slack-mcp-server-linux-amd64": "1.3.0",
        "slack-mcp-server-linux-arm64": "1.3.0",
        "slack-mcp-server-windows-amd64": "1.3.0",
        "slack-mcp-server-windows-arm64": "1.3.0"
      }
    },
    "node_modules/slack-mcp-server-darwin-amd64": {
      "version": "1.3.0",
      "resolved": "https://registry.npmjs.org/slack-mcp-server-darwin-amd64/-/slack-mcp-server-darwin-amd64-1.3.0.tgz",
      "integrity": "sha512-QEu5BUajhwMbmohYjRPtkL533ZSabK5V9YG99jeNCKvwPM0AEizxGJh99mNTHuLSj1WOSzjxIESLZRFe/H2cfg==",
      "cpu": [
        "x64"
      ],
      "optional": true,
      "os": [
        "darwin"
      ]
    },
    "node_modules/slack-mcp-server-darwin-arm64": {
      "version": "1.3.0",
      "resolved": "https://registry.npmjs.org/slack-mcp-server-darwin-arm64/-/slack-mcp-server-darwin-arm64-1.3.0.tgz",
      "integrity": "sha512-DX367zVCK6SO2AsoQVfeITkgKuAG5klzazx1CXbHFT7MRbn+ZBWFRKFBOvFuXI9nNThtxQPxxYjekWOCpZ2aaw==",
      "cpu": [
        "arm64"
      ],
      "optional": true,
      "os": [
        "darwin"
      ]
    },
    "node_modules/slack-mcp-server-linux-amd64": {
      "version": "1.3.0",
      "resolved": "https://registry.npmjs.org/slack-mcp-server-linux-amd64/-/slack-mcp-server-linux-amd64-1.3.0.tgz",
      "integrity": "sha512-ud5BqvPq6GE2wazMX+qq+PeSuhKRzLBhYhoDVyrShGe5bguxoE+/olffsnUMdFLKwLaLxs/DMPdHprRUVGqJzw==",
      "cpu": [
        "x64"
      ],
      "optional": true,
      "os": [
        "linux"
      ]
    },
    "node_modules/slack-mcp-server-linux-arm64": {
      "version": "1.3.0",
      "resolved": "https://registry.npmjs.org/slack-mcp-server-linux-arm64/-/slack-mcp-server-linux-arm64-1.3.0.tgz",
      "integrity": "sha512-7yLIg4u6tlhk1TIsrayUgqMvJdvZ+Wp80JHy83pAx0pYCyo7Inwt80QNWKem/xMFC8RSOH//YHrlAWhATFQa+w==",
      "cpu": [
        "arm64"
      ],
      "optional": true,
      "os": [
        "linux"
      ]
    },
    "node_modules/slack-mcp-server-windows-amd64": {
      "version": "1.3.0",
      "resolved": "https://registry.npmjs.org/slack-mcp-server-windows-amd64/-/slack-mcp-server-windows-amd64-1.3.0.tgz",
      "integrity": "sha512-/D7tVdYE1byzHkNUill7uDYxF0fiAHDzeOj535G6UGGdwqbKMD+qb3vXYBoxEOJlnq9aucC5eWqSbapzr4sEoA==",
      "cpu": [
        "x64"
      ],
      "optional": true,
      "os": [
        "win32"
      ]
    },
    "node_modules/slack-mcp-server-windows-arm64": {
      "version": "1.3.0",
      "resolved": "https://registry.npmjs.org/slack-mcp-server-windows-arm64/-/slack-mcp-server-windows-arm64-1.3.0.tgz",
      "integrity": "sha512-AYsMmpwRkH/fKVPIfqmlydsGAlTwMwxIQt05P0pdK6bUhkWtNVFjUO5WA2tie55DSW4gUBHmqkxtxOc0F+ctNw==",
      "cpu": [
        "arm64"
      ],
      "optional": true,
      "os": [
        "win32"
      ]
    }
  },
  "dependencies": {
    "slack-mcp-server": {
      "version": "1.3.0",
      "resolved": "https://registry.npmjs.org/slack-mcp-server/-/slack-mcp-server-1.3.0.tgz",
      "integrity": "sha512-YoRGvadhHkN4jwr1uYAxcNidmRPuzDXDM7j8dmnuvclF8zeqzBHefm1IiZE/xGr23Ka0ljNysdDTDUC7PWj21Q==",
      "requires": {
        "slack-mcp-server-darwin-amd64": "1.3.0",
        "slack-mcp-server-darwin-arm64": "1.3.0",
        "slack-mcp-server-linux-amd64": "1.3.0",
        "slack-mcp-server-linux-arm64": "1.3.0",
        "slack-mcp-server-windows-amd64": "1.3.0",
        "slack-mcp-server-windows-arm64": "1.3.0"
      }
    },
    "slack-mcp-server-darwin-amd64": {
      "version": "1.3.0",
      "resolved": "https://registry.npmjs.org/slack-mcp-server-darwin-amd64/-/slack-mcp-server-darwin-amd64-1.3.0.tgz",
      "integrity": "sha512-QEu5BUajhwMbmohYjRPtkL533ZSabK5V9YG99jeNCKvwPM0AEizxGJh99mNTHuLSj1WOSzjxIESLZRFe/H2cfg==",
      "optional": true
    },
    "slack-mcp-server-darwin-arm64": {
      "version": "1.3.0",
      "resolved": "https://registry.npmjs.org/slack-mcp-server-darwin-arm64/-/slack-mcp-server-darwin-arm64-1.3.0.tgz",
      "integrity": "sha512-DX367zVCK6SO2AsoQVfeITkgKuAG5klzazx1CXbHFT7MRbn+ZBWFRKFBOvFuXI9nNThtxQPxxYjekWOCpZ2aaw==",
      "optional": true
    },
    "slack-mcp-server-linux-amd64": {
      "version": "1.3.0",
      "resolved": "https://registry.npmjs.org/slack-mcp-server-linux-amd64/-/slack-mcp-server-linux-amd64-1.3.0.tgz",
      "integrity": "sha512-ud5BqvPq6GE2wazMX+qq+PeSuhKRzLBhYhoDVyrShGe5bguxoE+/olffsnUMdFLKwLaLxs/DMPdHprRUVGqJzw==",
      "optional": true
    },
    "slack-mcp-server-linux-arm64": {
      "version": "1.3.0",
      "resolved": "https://registry.npmjs.org/slack-mcp-server-linux-arm64/-/slack-mcp-server-linux-arm64-1.3.0.tgz",
      "integrity": "sha512-7yLIg4u6tlhk1TIsrayUgqMvJdvZ+Wp80JHy83pAx0pYCyo7Inwt80QNWKem/xMFC8RSOH//YHrlAWhATFQa+w==",
      "optional": true
    },
    "slack-mcp-server-windows-amd64": {
      "version": "1.3.0",
      "resolved": "https://registry.npmjs.org/slack-mcp-server-windows-amd64/-/slack-mcp-server-windows-amd64-1.3.0.tgz",
      "integrity": "sha512-/D7tVdYE1byzHkNUill7uDYxF0fiAHDzeOj535G6UGGdwqbKMD+qb3vXYBoxEOJlnq9aucC5eWqSbapzr4sEoA==",
      "optional": true
    },
    "slack-mcp-server-windows-arm64": {
      "version": "1.3.0",
      "resolved": "https://registry.npmjs.org/slack-mcp-server-windows-arm64/-/slack-mcp-server-windows-arm64-1.3.0.tgz",
      "integrity": "sha512-AYsMmpwRkH/fKVPIfqmlydsGAlTwMwxIQt05P0pdK6bUhkWtNVFjUO5WA2tie55DSW4gUBHmqkxtxOc0F+ctNw==",
      "optional": true
    }
  }
}
